
Microsoft Visual Studio Solution File, Format Version 12.00
# Visual Studio Version 16
VisualStudioVersion = 16.0.31624.102
MinimumVisualStudioVersion = 10.0.40219.1
Project("{FAE04EC0-301F-11D3-BF4B-00C04F79EFBC}") = "MyFirstWebApi", "MyFirstWebApi\MyFirstWebApi.csproj", "{590EC9E3-AFDF-47D4-BF1E-1242E7A2808D}"
EndProject
Global
	GlobalSection(SolutionConfigurationPlatforms) = preSolution
		Debug|Any CPU = Debug|Any CPU
		Release|Any CPU = Release|Any CPU
	EndGlobalSection
	GlobalSection(ProjectConfigurationPlatforms) = postSolution
		{590EC9E3-AFDF-47D4-BF1E-1242E7A2808D}.Debug|Any CPU.ActiveCfg = Debug|Any CPU
		{590EC9E3-AFDF-47D4-BF1E-1242E7A2808D}.Debug|Any CPU.Build.0 = Debug|Any CPU
		{590EC9E3-AFDF-47D4-BF1E-1242E7A2808D}.Release|Any CPU.ActiveCfg = Release|Any CPU
		{590EC9E3-AFDF-47D4-BF1E-1242E7A2808D}.Release|Any CPU.Build.0 = Release|Any CPU
	EndGlobalSection
	GlobalSection(SolutionProperties) = preSolution
		HideSolutionNode = FALSE
	EndGlobalSection
	GlobalSection(ExtensibilityGlobals) = postSolution
		SolutionGuid = {511EC4E5-E36B-4CFF-993D-F3238F61880D}
	EndGlobalSection
EndGlobal
